// !$*UTF8*$!
{
	archiveVersion = 1;
	classes = {
	};
	objectVersion = 46;
	objects = {

/* Begin PBXBuildFile section */
		13101BB81F62DABD002A7767 /* AppDelegate.swift in Sources */ = {isa = PBXBuildFile; fileRef = 13101BB71F62DABD002A7767 /* AppDelegate.swift */; };
		13101BBA1F62DABD002A7767 /* ViewController.swift in Sources */ = {isa = PBXBuildFile; fileRef = 13101BB91F62DABD002A7767 /* ViewController.swift */; };
		13101BBD1F62DABD002A7767 /* Main.storyboard in Resources */ = {isa = PBXBuildFile; fileRef = 13101BBB1F62DABD002A7767 /* Main.storyboard */; };
		13101BBF1F62DABD002A7767 /* Assets.xcassets in Resources */ = {isa = PBXBuildFile; fileRef = 13101BBE1F62DABD002A7767 /* Assets.xcassets */; };
		13101BC21F62DABD002A7767 /* LaunchScreen.storyboard in Resources */ = {isa = PBXBuildFile; fileRef = 13101BC01F62DABD002A7767 /* LaunchScreen.storyboard */; };
		13101BCD1F62DABD002A7767 /* WeatherTests.swift in Sources */ = {isa = PBXBuildFile; fileRef = 13101BCC1F62DABD002A7767 /* WeatherTests.swift */; };
		13101BD81F62DABD002A7767 /* WeatherUITests.swift in Sources */ = {isa = PBXBuildFile; fileRef = 13101BD71F62DABD002A7767 /* WeatherUITests.swift */; };
/* End PBXBuildFile section */

/* Begin PBXContainerItemProxy section */
		13101BC91F62DABD002A7767 /* PBXContainerItemProxy */ = {
			isa = PBXContainerItemProxy;
			containerPortal = 13101BAC1F62DABD002A7767 /* Project object */;
			proxyType = 1;
			remoteGlobalIDString = 13101BB31F62DABD002A7767;
			remoteInfo = Weather;
		};
		13101BD41F62DABD002A7767 /* PBXContainerItemProxy */ = {
			isa = PBXContainerItemProxy;
			containerPortal = 13101BAC1F62DABD002A7767 /* Project object */;
			proxyType = 1;
			remoteGlobalIDString = 13101BB31F62DABD002A7767;
			remoteInfo = Weather;
		};
/* End PBXContainerItemProxy section */

/* Begin PBXFileReference section */
		13101BB41F62DABD002A7767 /* Weather.app */ = {isa = PBXFileReference; explicitFileType = wrapper.application; includeInIndex = 0; path = Weather.app; sourceTree = BUILT_PRODUCTS_DIR; };
		13101BB71F62DABD002A7767 /* AppDelegate.swift */ = {isa = PBXFileReference; lastKnownFileType = sourcecode.swift; path = AppDelegate.swift; sourceTree = "<group>"; };
		13101BB91F62DABD002A7767 /* ViewController.swift */ = {isa = PBXFileReference; lastKnownFileType = sourcecode.swift; path = ViewController.swift; sourceTree = "<group>"; };
		13101BBC1F62DABD002A7767 /* Base */ = {isa = PBXFileReference; lastKnownFileType = file.storyboard; name = Base; path = Base.lproj/Main.storyboard; sourceTree = "<group>"; };
		13101BBE1F62DABD002A7767 /* Assets.xcassets */ = {isa = PBXFileReference; lastKnownFileType = folder.assetcatalog; path = Assets.xcassets; sourceTree = "<group>"; };
		13101BC11F62DABD002A7767 /* Base */ = {isa = PBXFileReference; lastKnownFileType = file.storyboard; name = Base; path = Base.lproj/LaunchScreen.storyboard; sourceTree = "<group>"; };
		13101BC31F62DABD002A7767 /* Info.plist */ = {isa = PBXFileReference; lastKnownFileType = text.plist.xml; path = Info.plist; sourceTree = "<group>"; };
		13101BC81F62DABD002A7767 /* WeatherTests.xctest */ = {isa = PBXFileReference; explicitFileType = wrapper.cfbundle; includeInIndex = 0; path = WeatherTests.xctest; sourceTree = BUILT_PRODUCTS_DIR; };
		13101BCC1F62DABD002A7767 /* WeatherTests.swift */ = {isa = PBXFileReference; lastKnownFileType = sourcecode.swift; path = WeatherTests.swift; sourceTree = "<group>"; };
		13101BCE1F62DABD002A7767 /* Info.plist */ = {isa = PBXFileReference; lastKnownFileType = text.plist.xml; path = Info.plist; sourceTree = "<group>"; };
		13101BD31F62DABD002A7767 /* WeatherUITests.xctest */ = {isa = PBXFileReference; explicitFileType = wrapper.cfbundle; includeInIndex = 0; path = WeatherUITests.xctest; sourceTree = BUILT_PRODUCTS_DIR; };
		13101BD71F62DABD002A7767 /* WeatherUITests.swift */ = {isa = PBXFileReference; lastKnownFileType = sourcecode.swift; path = WeatherUITests.swift; sourceTree = "<group>"; };
		13101BD91F62DABD002A7767 /* Info.plist */ = {isa = PBXFileReference; lastKnownFileType = text.plist.xml; path = Info.plist; sourceTree = "<group>"; };
/* End PBXFileReference section */

/* Begin PBXFrameworksBuildPhase section */
		13101BB11F62DABD002A7767 /* Frameworks */ = {
			isa = PBXFrameworksBuildPhase;
			buildActionMask = 2147483647;
			files = (
			);
			runOnlyForDeploymentPostprocessing = 0;
		};
		13101BC51F62DABD002A7767 /* Frameworks */ = {
			isa = PBXFrameworksBuildPhase;
			buildActionMask = 2147483647;
			files = (
			);
			runOnlyForDeploymentPostprocessing = 0;
		};
		13101BD01F62DABD002A7767 /* Frameworks */ = {
			isa = PBXFrameworksBuildPhase;
			buildActionMask = 2147483647;
			files = (
			);
			runOnlyForDeploymentPostprocessing = 0;
		};
/* End PBXFrameworksBuildPhase section */

/* Begin PBXGroup section */
		13101BAB1F62DABD002A7767 = {
			isa = PBXGroup;
			children = (
				13101BB61F62DABD002A7767 /* Weather */,
				13101BCB1F62DABD002A7767 /* WeatherTests */,
				13101BD61F62DABD002A7767 /* WeatherUITests */,
				13101BB51F62DABD002A7767 /* Products */,
			);
			sourceTree = "<group>";
		};
		13101BB51F62DABD002A7767 /* Products */ = {
			isa = PBXGroup;
			children = (
				13101BB41F62DABD002A7767 /* Weather.app */,
				13101BC81F62DABD002A7767 /* WeatherTests.xctest */,
				13101BD31F62DABD002A7767 /* WeatherUITests.xctest */,
			);
			name = Products;
			sourceTree = "<group>";
		};
		13101BB61F62DABD002A7767 /* Weather */ = {
			isa = PBXGroup;
			children = (
				13101BB71F62DABD002A7767 /* AppDelegate.swift */,
				13101BB91F62DABD002A7767 /* ViewController.swift */,
				13101BBB1F62DABD002A7767 /* Main.storyboard */,
				13101BBE1F62DABD002A7767 /* Assets.xcassets */,
				13101BC01F62DABD002A7767 /* LaunchScreen.storyboard */,
				13101BC31F62DABD002A7767 /* Info.plist */,
			);
			path = Weather;
			sourceTree = "<group>";
		};
		13101BCB1F62DABD002A7767 /* WeatherTests */ = {
			isa = PBXGroup;
			children = (
				13101BCC1F62DABD002A7767 /* WeatherTests.swift */,
				13101BCE1F62DABD002A7767 /* Info.plist */,
			);
			path = WeatherTests;
			sourceTree = "<group>";
		};
		13101BD61F62DABD002A7767 /* WeatherUITests */ = {
			isa = PBXGroup;
			children = (
				13101BD71F62DABD002A7767 /* WeatherUITests.swift */,
				13101BD91F62DABD002A7767 /* Info.plist */,
			);
			path = WeatherUITests;
			sourceTree = "<group>";
		};
/* End PBXGroup section */

/* Begin PBXNativeTarget section */
		13101BB31F62DABD002A7767 /* Weather */ = {
			isa = PBXNativeTarget;
			buildConfigurationList = 13101BDC1F62DABD002A7767 /* Build configuration list for PBXNativeTarget "Weather" */;
			buildPhases = (
				13101BB01F62DABD002A7767 /* Sources */,
				13101BB11F62DABD002A7767 /* Frameworks */,
				13101BB21F62DABD002A7767 /* Resources */,
			);
			buildRules = (
			);
			dependencies = (
			);
			name = Weather;
			productName = Weather;
			productReference = 13101BB41F62DABD002A7767 /* Weather.app */;
			productType = "com.apple.product-type.application";
		};
		13101BC71F62DABD002A7767 /* WeatherTests */ = {
			isa = PBXNativeTarget;
			buildConfigurationList = 13101BDF1F62DABD002A7767 /* Build configuration list for PBXNativeTarget "WeatherTests" */;
			buildPhases = (
				13101BC41F62DABD002A7767 /* Sources */,
				13101BC51F62DABD002A7767 /* Frameworks */,
				13101BC61F62DABD002A7767 /* Resources */,
			);
			buildRules = (
			);
			dependencies = (
				13101BCA1F62DABD002A7767 /* PBXTargetDependency */,
			);
			name = WeatherTests;
			productName = WeatherTests;
			productReference = 13101BC81F62DABD002A7767 /* WeatherTests.xctest */;
			productType = "com.apple.product-type.bundle.unit-test";
		};
		13101BD21F62DABD002A7767 /* WeatherUITests */ = {
			isa = PBXNativeTarget;
			buildConfigurationList = 13101BE21F62DABD002A7767 /* Build configuration list for PBXNativeTarget "WeatherUITests" */;
			buildPhases = (
				13101BCF1F62DABD002A7767 /* Sources */,
				13101BD01F62DABD002A7767 /* Frameworks */,
				13101BD11F62DABD002A7767 /* Resources */,
			);
			buildRules = (
			);
			dependencies = (
				13101BD51F62DABD002A7767 /* PBXTargetDependency */,
			);
			name = WeatherUITests;
			productName = WeatherUITests;
			productReference = 13101BD31F62DABD002A7767 /* WeatherUITests.xctest */;
			productType = "com.apple.product-type.bundle.ui-testing";
		};
/* End PBXNativeTarget section */

/* Begin PBXProject section */
		13101BAC1F62DABD002A7767 /* Project object */ = {
			isa = PBXProject;
			attributes = {
				LastSwiftUpdateCheck = 0830;
				LastUpgradeCheck = 0830;
				ORGANIZATIONNAME = "Chandrakala Neerukonda";
				TargetAttributes = {
					13101BB31F62DABD002A7767 = {
						CreatedOnToolsVersion = 8.3.3;
						ProvisioningStyle = Automatic;
					};
					13101BC71F62DABD002A7767 = {
						CreatedOnToolsVersion = 8.3.3;
						ProvisioningStyle = Automatic;
						TestTargetID = 13101BB31F62DABD002A7767;
					};
					13101BD21F62DABD002A7767 = {
						CreatedOnToolsVersion = 8.3.3;
						ProvisioningStyle = Automatic;
						TestTargetID = 13101BB31F62DABD002A7767;
					};
				};
			};
			buildConfigurationList = 13101BAF1F62DABD002A7767 /* Build configuration list for PBXProject "Weather" */;
			compatibilityVersion = "Xcode 3.2";
			developmentRegion = English;
			hasScannedForEncodings = 0;
			knownRegions = (
				en,
				Base,
			);
			mainGroup = 13101BAB1F62DABD002A7767;
			productRefGroup = 13101BB51F62DABD002A7767 /* Products */;
			projectDirPath = "";
			projectRoot = "";
			targets = (
				13101BB31F62DABD002A7767 /* Weather */,
				13101BC71F62DABD002A7767 /* WeatherTests */,
				13101BD21F62DABD002A7767 /* WeatherUITests */,
			);
		};
/* End PBXProject section */

/* Begin PBXResourcesBuildPhase section */
		13101BB21F62DABD002A7767 /* Resources */ = {
			isa = PBXResourcesBuildPhase;
			buildActionMask = 2147483647;
			files = (
				13101BC21F62DABD002A7767 /* LaunchScreen.storyboard in Resources */,
				13101BBF1F62DABD002A7767 /* Assets.xcassets in Resources */,
				13101BBD1F62DABD002A7767 /* Main.storyboard in Resources */,
			);
			runOnlyForDeploymentPostprocessing = 0;
		};
		13101BC61F62DABD002A7767 /* Resources */ = {
			isa = PBXResourcesBuildPhase;
			buildActionMask = 2147483647;
			files = (
			);
			runOnlyForDeploymentPostprocessing = 0;
		};
		13101BD11F62DABD002A7767 /* Resources */ = {
			isa = PBXResourcesBuildPhase;
			buildActionMask = 2147483647;
			files = (
			);
			runOnlyForDeploymentPostprocessing = 0;
		};
/* End PBXResourcesBuildPhase section */

/* Begin PBXSourcesBuildPhase section */
		13101BB01F62DABD002A7767 /* Sources */ = {
			isa = PBXSourcesBuildPhase;
			buildActionMask = 2147483647;
			files = (
				13101BBA1F62DABD002A7767 /* ViewController.swift in Sources */,
				13101BB81F62DABD002A7767 /* AppDelegate.swift in Sources */,
			);
			runOnlyForDeploymentPostprocessing = 0;
		};
		13101BC41F62DABD002A7767 /* Sources */ = {
			isa = PBXSourcesBuildPhase;
			buildActionMask = 2147483647;
			files = (
				13101BCD1F62DABD002A7767 /* WeatherTests.swift in Sources */,
			);
			runOnlyForDeploymentPostprocessing = 0;
		};
		13101BCF1F62DABD002A7767 /* Sources */ = {
			isa = PBXSourcesBuildPhase;
			buildActionMask = 2147483647;
			files = (
				13101BD81F62DABD002A7767 /* WeatherUITests.swift in Sources */,
			);
			runOnlyForDeploymentPostprocessing = 0;
		};
/* End PBXSourcesBuildPhase section */

/* Begin PBXTargetDependency section */
		13101BCA1F62DABD002A7767 /* PBXTargetDependency */ = {
			isa = PBXTargetDependency;
			target = 13101BB31F62DABD002A7767 /* Weather */;
			targetProxy = 13101BC91F62DABD002A7767 /* PBXContainerItemProxy */;
		};
		13101BD51F62DABD002A7767 /* PBXTargetDependency */ = {
			isa = PBXTargetDependency;
			target = 13101BB31F62DABD002A7767 /* Weather */;
			targetProxy = 13101BD41F62DABD002A7767 /* PBXContainerItemProxy */;
		};
/* End PBXTargetDependency section */

/* Begin PBXVariantGroup section */
		13101BBB1F62DABD002A7767 /* Main.storyboard */ = {
			isa = PBXVariantGroup;
			children = (
				13101BBC1F62DABD002A7767 /* Base */,
			);
			name = Main.storyboard;
			sourceTree = "<group>";
		};
		13101BC01F62DABD002A7767 /* LaunchScreen.storyboard */ = {
			isa = PBXVariantGroup;
			children = (
				13101BC11F62DABD002A7767 /* Base */,
			);
			name = LaunchScreen.storyboard;
			sourceTree = "<group>";
		};
/* End PBXVariantGroup section */

/* Begin XCBuildConfiguration section */
		13101BDA1F62DABD002A7767 /* Debug */ = {
			isa = XCBuildConfiguration;
			buildSettings = {
				ALWAYS_SEARCH_USER_PATHS = NO;
				CLANG_ANALYZER_NONNULL = YES;
				CLANG_ANALYZER_NUMBER_OBJECT_CONVERSION = YES_AGGRESSIVE;
				CLANG_CXX_LANGUAGE_STANDARD = "gnu++0x";
				CLANG_CXX_LIBRARY = "libc++";
				CLANG_ENABLE_MODULES = YES;
				CLANG_ENABLE_OBJC_ARC = YES;
				CLANG_WARN_BOOL_CONVERSION = YES;
				CLANG_WARN_CONSTANT_CONVERSION = YES;
				CLANG_WARN_DIRECT_OBJC_ISA_USAGE = YES_ERROR;
				CLANG_WARN_DOCUMENTATION_COMMENTS = YES;
				CLANG_WARN_EMPTY_BODY = YES;
				CLANG_WARN_ENUM_CONVERSION = YES;
				CLANG_WARN_INFINITE_RECURSION = YES;
				CLANG_WARN_INT_CONVERSION = YES;
				CLANG_WARN_OBJC_ROOT_CLASS = YES_ERROR;
				CLANG_WARN_SUSPICIOUS_MOVE = YES;
				CLANG_WARN_UNREACHABLE_CODE = YES;
				CLANG_WARN__DUPLICATE_METHOD_MATCH = YES;
				"CODE_SIGN_IDENTITY[sdk=iphoneos*]" = "iPhone Developer";
				COPY_PHASE_STRIP = NO;
				DEBUG_INFORMATION_FORMAT = dwarf;
				ENABLE_STRICT_OBJC_MSGSEND = YES;
				ENABLE_TESTABILITY = YES;
				GCC_C_LANGUAGE_STANDARD = gnu99;
				GCC_DYNAMIC_NO_PIC = NO;
				GCC_NO_COMMON_BLOCKS = YES;
				GCC_OPTIMIZATION_LEVEL = 0;
				GCC_PREPROCESSOR_DEFINITIONS = (
					"DEBUG=1",
					"$(inherited)",
				);
				GCC_WARN_64_TO_32_BIT_CONVERSION = YES;
				GCC_WARN_ABOUT_RETURN_TYPE = YES_ERROR;
				GCC_WARN_UNDECLARED_SELECTOR = YES;
				GCC_WARN_UNINITIALIZED_AUTOS = YES_AGGRESSIVE;
				GCC_WARN_UNUSED_FUNCTION = YES;
				GCC_WARN_UNUSED_VARIABLE = YES;
				IPHONEOS_DEPLOYMENT_TARGET = 10.3;
				MTL_ENABLE_DEBUG_INFO = YES;
				ONLY_ACTIVE_ARCH = YES;
				SDKROOT = iphoneos;
				SWIFT_ACTIVE_COMPILATION_CONDITIONS = DEBUG;
				SWIFT_OPTIMIZATION_LEVEL = "-Onone";
			};
			name = Debug;
		};
		13101BDB1F62DABD002A7767 /* Release */ = {
			isa = XCBuildConfiguration;
			buildSettings = {
				ALWAYS_SEARCH_USER_PATHS = NO;
				CLANG_ANALYZER_NONNULL = YES;
				CLANG_ANALYZER_NUMBER_OBJECT_CONVERSION = YES_AGGRESSIVE;
				CLANG_CXX_LANGUAGE_STANDARD = "gnu++0x";
				CLANG_CXX_LIBRARY = "libc++";
				CLANG_ENABLE_MODULES = YES;
				CLANG_ENABLE_OBJC_ARC = YES;
				CLANG_WARN_BOOL_CONVERSION = YES;
				CLANG_WARN_CONSTANT_CONVERSION = YES;
				CLANG_WARN_DIRECT_OBJC_ISA_USAGE = YES_ERROR;
				CLANG_WARN_DOCUMENTATION_COMMENTS = YES;
				CLANG_WARN_EMPTY_BODY = YES;
				CLANG_WARN_ENUM_CONVERSION = YES;
				CLANG_WARN_INFINITE_RECURSION = YES;
				CLANG_WARN_INT_CONVERSION = YES;
				CLANG_WARN_OBJC_ROOT_CLASS = YES_ERROR;
				CLANG_WARN_SUSPICIOUS_MOVE = YES;
				CLANG_WARN_UNREACHABLE_CODE = YES;
				CLANG_WARN__DUPLICATE_METHOD_MATCH = YES;
				"CODE_SIGN_IDENTITY[sdk=iphoneos*]" = "iPhone Developer";
				COPY_PHASE_STRIP = NO;
				DEBUG_INFORMATION_FORMAT = "dwarf-with-dsym";
				ENABLE_NS_ASSERTIONS = NO;
				ENABLE_STRICT_OBJC_MSGSEND = YES;
				GCC_C_LANGUAGE_STANDARD = gnu99;
				GCC_NO_COMMON_BLOCKS = YES;
				GCC_WARN_64_TO_32_BIT_CONVERSION = YES;
				GCC_WARN_ABOUT_RETURN_TYPE = YES_ERROR;
				GCC_WARN_UNDECLARED_SELECTOR = YES;
				GCC_WARN_UNINITIALIZED_AUTOS = YES_AGGRESSIVE;
				GCC_WARN_UNUSED_FUNCTION = YES;
				GCC_WARN_UNUSED_VARIABLE = YES;
				IPHONEOS_DEPLOYMENT_TARGET = 10.3;
				MTL_ENABLE_DEBUG_INFO = NO;
				SDKROOT = iphoneos;
				SWIFT_OPTIMIZATION_LEVEL = "-Owholemodule";
				VALIDATE_PRODUCT = YES;
			};
			name = Release;
		};
		13101BDD1F62DABD002A7767 /* Debug */ = {
			isa = XCBuildConfiguration;
			buildSettings = {
				ASSETCATALOG_COMPILER_APPICON_NAME = AppIcon;
				INFOPLIST_FILE = Weather/Info.plist;
				LD_RUNPATH_SEARCH_PATHS = "$(inherited) @executable_path/Frameworks";
				PRODUCT_BUNDLE_IDENTIFIER = com.chandra.Weather.Weather;
				PRODUCT_NAME = "$(TARGET_NAME)";
				SWIFT_VERSION = 3.0;
			};
			name = Debug;
		};
		13101BDE1F62DABD002A7767 /* Release */ = {
			isa = XCBuildConfiguration;
			buildSettings = {
				ASSETCATALOG_COMPILER_APPICON_NAME = AppIcon;
				INFOPLIST_FILE = Weather/Info.plist;
				LD_RUNPATH_SEARCH_PATHS = "$(inherited) @executable_path/Frameworks";
				PRODUCT_BUNDLE_IDENTIFIER = com.chandra.Weather.Weather;
				PRODUCT_NAME = "$(TARGET_NAME)";
				SWIFT_VERSION = 3.0;
			};
			name = Release;
		};
		13101BE01F62DABD002A7767 /* Debug */ = {
			isa = XCBuildConfiguration;
			buildSettings = {
				ALWAYS_EMBED_SWIFT_STANDARD_LIBRARIES = YES;
				BUNDLE_LOADER = "$(TEST_HOST)";
				INFOPLIST_FILE = WeatherTests/Info.plist;
				LD_RUNPATH_SEARCH_PATHS = "$(inherited) @executable_path/Frameworks @loader_path/Frameworks";
				PRODUCT_BUNDLE_IDENTIFIER = com.chandra.Weather.WeatherTests;
				PRODUCT_NAME = "$(TARGET_NAME)";
				SWIFT_VERSION = 3.0;
				TEST_HOST = "$(BUILT_PRODUCTS_DIR)/Weather.app/Weather";
			};
			name = Debug;
		};
		13101BE11F62DABD002A7767 /* Release */ = {
			isa = XCBuildConfiguration;
			buildSettings = {
				ALWAYS_EMBED_SWIFT_STANDARD_LIBRARIES = YES;
				BUNDLE_LOADER = "$(TEST_HOST)";
				INFOPLIST_FILE = WeatherTests/Info.plist;
				LD_RUNPATH_SEARCH_PATHS = "$(inherited) @executable_path/Frameworks @loader_path/Frameworks";
				PRODUCT_BUNDLE_IDENTIFIER = com.chandra.Weather.WeatherTests;
				PRODUCT_NAME = "$(TARGET_NAME)";
				SWIFT_VERSION = 3.0;
				TEST_HOST = "$(BUILT_PRODUCTS_DIR)/Weather.app/Weather";
			};
			name = Release;
		};
		13101BE31F62DABD002A7767 /* Debug */ = {
			isa = XCBuildConfiguration;
			buildSettings = {
				ALWAYS_EMBED_SWIFT_STANDARD_LIBRARIES = YES;
				INFOPLIST_FILE = WeatherUITests/Info.plist;
				LD_RUNPATH_SEARCH_PATHS = "$(inherited) @executable_path/Frameworks @loader_path/Frameworks";
				PRODUCT_BUNDLE_IDENTIFIER = com.chandra.Weather.WeatherUITests;
				PRODUCT_NAME = "$(TARGET_NAME)";
				SWIFT_VERSION = 3.0;
				TEST_TARGET_NAME = Weather;
			};
			name = Debug;
		};
		13101BE41F62DABD002A7767 /* Release */ = {
			isa = XCBuildConfiguration;
			buildSettings = {
				ALWAYS_EMBED_SWIFT_STANDARD_LIBRARIES = YES;
				INFOPLIST_FILE = WeatherUITests/Info.plist;
				LD_RUNPATH_SEARCH_PATHS = "$(inherited) @executable_path/Frameworks @loader_path/Frameworks";
				PRODUCT_BUNDLE_IDENTIFIER = com.chandra.Weather.WeatherUITests;
				PRODUCT_NAME = "$(TARGET_NAME)";
				SWIFT_VERSION = 3.0;
				TEST_TARGET_NAME = Weather;
			};
			name = Release;
		};
/* End XCBuildConfiguration section */

/* Begin XCConfigurationList section */
		13101BAF1F62DABD002A7767 /* Build configuration list for PBXProject "Weather" */ = {
			isa = XCConfigurationList;
			buildConfigurations = (
				13101BDA1F62DABD002A7767 /* Debug */,
				13101BDB1F62DABD002A7767 /* Release */,
			);
			defaultConfigurationIsVisible = 0;
			defaultConfigurationName = Release;
		};
		13101BDC1F62DABD002A7767 /* Build configuration list for PBXNativeTarget "Weather" */ = {
			isa = XCConfigurationList;
			buildConfigurations = (
				13101BDD1F62DABD002A7767 /* Debug */,
				13101BDE1F62DABD002A7767 /* Release */,
			);
			defaultConfigurationIsVisible = 0;
		};
		13101BDF1F62DABD002A7767 /* Build configuration list for PBXNativeTarget "WeatherTests" */ = {
			isa = XCConfigurationList;
			buildConfigurations = (
				13101BE01F62DABD002A7767 /* Debug */,
				13101BE11F62DABD002A7767 /* Release */,
			);
			defaultConfigurationIsVisible = 0;
		};
		13101BE21F62DABD002A7767 /* Build configuration list for PBXNativeTarget "WeatherUITests" */ = {
			isa = XCConfigurationList;
			buildConfigurations = (
				13101BE31F62DABD002A7767 /* Debug */,
				13101BE41F62DABD002A7767 /* Release */,
			);
			defaultConfigurationIsVisible = 0;
		};
/* End XCConfigurationList section */
	};
	rootObject = 13101BAC1F62DABD002A7767 /* Project object */;
}
